
Microsoft Visual Studio Solution File, Format Version 12.00
# Visual Studio 15
VisualStudioVersion = 15.0.27703.2042
MinimumVisualStudioVersion = 10.0.40219.1
Project("{FAE04EC0-301F-11D3-BF4B-00C04F79EFBC}") = "ChatApp", "ChatApp\ChatApp.csproj", "{70A09821-DCA1-4FFD-8DB6-6EE08B00170C}"
EndProject
Global
	GlobalSection(SolutionConfigurationPlatforms) = preSolution
		Debug|Any CPU = Debug|Any CPU
		Release|Any CPU = Release|Any CPU
	EndGlobalSection
	GlobalSection(ProjectConfigurationPlatforms) = postSolution
		{70A09821-DCA1-4FFD-8DB6-6EE08B00170C}.Debug|Any CPU.ActiveCfg = Debug|Any CPU
		{70A09821-DCA1-4FFD-8DB6-6EE08B00170C}.Debug|Any CPU.Build.0 = Debug|Any CPU
		{70A09821-DCA1-4FFD-8DB6-6EE08B00170C}.Release|Any CPU.ActiveCfg = Release|Any CPU
		{70A09821-DCA1-4FFD-8DB6-6EE08B00170C}.Release|Any CPU.Build.0 = Release|Any CPU
	EndGlobalSection
	GlobalSection(SolutionProperties) = preSolution
		HideSolutionNode = FALSE
	EndGlobalSection
	GlobalSection(ExtensibilityGlobals) = postSolution
		SolutionGuid = {4A417C6F-CA08-4955-AA7B-9037EFC897F9}
	EndGlobalSection
EndGlobal
